// !$*UTF8*$!
{
	archiveVersion = 1;
	classes = {
	};
	objectVersion = 56;
	objects = {

/* Begin PBXBuildFile section */
		6A4ADE992BF443720029003A /* ChallangeStarterPackApp.swift in Sources */ = {isa = PBXBuildFile; fileRef = 6A4ADE982BF443720029003A /* ChallangeStarterPackApp.swift */; };
		6A4ADE9B2BF443720029003A /* ContentView.swift in Sources */ = {isa = PBXBuildFile; fileRef = 6A4ADE9A2BF443720029003A /* ContentView.swift */; };
		6A4ADE9D2BF443730029003A /* Assets.xcassets in Resources */ = {isa = PBXBuildFile; fileRef = 6A4ADE9C2BF443730029003A /* Assets.xcassets */; };
		6A4ADEA02BF443730029003A /* Preview Assets.xcassets in Resources */ = {isa = PBXBuildFile; fileRef = 6A4ADE9F2BF443730029003A /* Preview Assets.xcassets */; };
		6A4ADEAA2BF443BC0029003A /* HomeView.swift in Sources */ = {isa = PBXBuildFile; fileRef = 6A4ADEA92BF443BC0029003A /* HomeView.swift */; };
		6A4ADEAC2BF443C30029003A /* ProfileView.swift in Sources */ = {isa = PBXBuildFile; fileRef = 6A4ADEAB2BF443C30029003A /* ProfileView.swift */; };
		6A4ADEAE2BF443CD0029003A /* HistoryView.swift in Sources */ = {isa = PBXBuildFile; fileRef = 6A4ADEAD2BF443CD0029003A /* HistoryView.swift */; };
		6A4ADEB02BF444920029003A /* StatusModel.swift in Sources */ = {isa = PBXBuildFile; fileRef = 6A4ADEAF2BF444920029003A /* StatusModel.swift */; };
		6A7781932BFCE90000BB1BCB /* NewStatusView.swift in Sources */ = {isa = PBXBuildFile; fileRef = 6A7781922BFCE90000BB1BCB /* NewStatusView.swift */; };
/* End PBXBuildFile section */

/* Begin PBXFileReference section */
		6A4ADE952BF443720029003A /* ChallangeStarterPack.app */ = {isa = PBXFileReference; explicitFileType = wrapper.application; includeInIndex = 0; path = ChallangeStarterPack.app; sourceTree = BUILT_PRODUCTS_DIR; };
		6A4ADE982BF443720029003A /* ChallangeStarterPackApp.swift */ = {isa = PBXFileReference; lastKnownFileType = sourcecode.swift; path = ChallangeStarterPackApp.swift; sourceTree = "<group>"; };
		6A4ADE9A2BF443720029003A /* ContentView.swift */ = {isa = PBXFileReference; lastKnownFileType = sourcecode.swift; path = ContentView.swift; sourceTree = "<group>"; };
		6A4ADE9C2BF443730029003A /* Assets.xcassets */ = {isa = PBXFileReference; lastKnownFileType = folder.assetcatalog; path = Assets.xcassets; sourceTree = "<group>"; };
		6A4ADE9F2BF443730029003A /* Preview Assets.xcassets */ = {isa = PBXFileReference; lastKnownFileType = folder.assetcatalog; path = "Preview Assets.xcassets"; sourceTree = "<group>"; };
		6A4ADEA92BF443BC0029003A /* HomeView.swift */ = {isa = PBXFileReference; lastKnownFileType = sourcecode.swift; path = HomeView.swift; sourceTree = "<group>"; };
		6A4ADEAB2BF443C30029003A /* ProfileView.swift */ = {isa = PBXFileReference; lastKnownFileType = sourcecode.swift; path = ProfileView.swift; sourceTree = "<group>"; };
		6A4ADEAD2BF443CD0029003A /* HistoryView.swift */ = {isa = PBXFileReference; lastKnownFileType = sourcecode.swift; path = HistoryView.swift; sourceTree = "<group>"; };
		6A4ADEAF2BF444920029003A /* StatusModel.swift */ = {isa = PBXFileReference; lastKnownFileType = sourcecode.swift; path = StatusModel.swift; sourceTree = "<group>"; };
		6A7781922BFCE90000BB1BCB /* NewStatusView.swift */ = {isa = PBXFileReference; lastKnownFileType = sourcecode.swift; path = NewStatusView.swift; sourceTree = "<group>"; };
/* End PBXFileReference section */

/* Begin PBXFrameworksBuildPhase section */
		6A4ADE922BF443720029003A /* Frameworks */ = {
			isa = PBXFrameworksBuildPhase;
			buildActionMask = 2147483647;
			files = (
			);
			runOnlyForDeploymentPostprocessing = 0;
		};
/* End PBXFrameworksBuildPhase section */

/* Begin PBXGroup section */
		6A4ADE8C2BF443720029003A = {
			isa = PBXGroup;
			children = (
				6A4ADE972BF443720029003A /* ChallangeStarterPack */,
				6A4ADE962BF443720029003A /* Products */,
			);
			sourceTree = "<group>";
		};
		6A4ADE962BF443720029003A /* Products */ = {
			isa = PBXGroup;
			children = (
				6A4ADE952BF443720029003A /* ChallangeStarterPack.app */,
			);
			name = Products;
			sourceTree = "<group>";
		};
		6A4ADE972BF443720029003A /* ChallangeStarterPack */ = {
			isa = PBXGroup;
			children = (
				6A4ADEA82BF443B10029003A /* Components */,
				6A4ADEA72BF443AB0029003A /* Models */,
				6A4ADEA62BF443A50029003A /* Views */,
				6A4ADE982BF443720029003A /* ChallangeStarterPackApp.swift */,
				6A4ADE9A2BF443720029003A /* ContentView.swift */,
				6A4ADE9C2BF443730029003A /* Assets.xcassets */,
				6A4ADE9E2BF443730029003A /* Preview Content */,
			);
			path = ChallangeStarterPack;
			sourceTree = "<group>";
		};
		6A4ADE9E2BF443730029003A /* Preview Content */ = {
			isa = PBXGroup;
			children = (
				6A4ADE9F2BF443730029003A /* Preview Assets.xcassets */,
			);
			path = "Preview Content";
			sourceTree = "<group>";
		};
		6A4ADEA62BF443A50029003A /* Views */ = {
			isa = PBXGroup;
			children = (
				6A4ADEA92BF443BC0029003A /* HomeView.swift */,
				6A4ADEAD2BF443CD0029003A /* HistoryView.swift */,
				6A4ADEAB2BF443C30029003A /* ProfileView.swift */,
				6A7781922BFCE90000BB1BCB /* NewStatusView.swift */,
			);
			path = Views;
			sourceTree = "<group>";
		};
		6A4ADEA72BF443AB0029003A /* Models */ = {
			isa = PBXGroup;
			children = (
				6A4ADEAF2BF444920029003A /* StatusModel.swift */,
			);
			path = Models;
			sourceTree = "<group>";
		};
		6A4ADEA82BF443B10029003A /* Components */ = {
			isa = PBXGroup;
			children = (
			);
			path = Components;
			sourceTree = "<group>";
		};
/* End PBXGroup section */

/* Begin PBXNativeTarget section */
		6A4ADE942BF443720029003A /* ChallangeStarterPack */ = {
			isa = PBXNativeTarget;
			buildConfigurationList = 6A4ADEA32BF443730029003A /* Build configuration list for PBXNativeTarget "ChallangeStarterPack" */;
			buildPhases = (
				6A4ADE912BF443720029003A /* Sources */,
				6A4ADE922BF443720029003A /* Frameworks */,
				6A4ADE932BF443720029003A /* Resources */,
			);
			buildRules = (
			);
			dependencies = (
			);
			name = ChallangeStarterPack;
			productName = ChallangeStarterPack;
			productReference = 6A4ADE952BF443720029003A /* ChallangeStarterPack.app */;
			productType = "com.apple.product-type.application";
		};
/* End PBXNativeTarget section */

/* Begin PBXProject section */
		6A4ADE8D2BF443720029003A /* Project object */ = {
			isa = PBXProject;
			attributes = {
				BuildIndependentTargetsInParallel = 1;
				LastSwiftUpdateCheck = 1520;
				LastUpgradeCheck = 1520;
				TargetAttributes = {
					6A4ADE942BF443720029003A = {
						CreatedOnToolsVersion = 15.2;
					};
				};
			};
			buildConfigurationList = 6A4ADE902BF443720029003A /* Build configuration list for PBXProject "ChallangeStarterPack" */;
			compatibilityVersion = "Xcode 14.0";
			developmentRegion = en;
			hasScannedForEncodings = 0;
			knownRegions = (
				en,
				Base,
			);
			mainGroup = 6A4ADE8C2BF443720029003A;
			productRefGroup = 6A4ADE962BF443720029003A /* Products */;
			projectDirPath = "";
			projectRoot = "";
			targets = (
				6A4ADE942BF443720029003A /* ChallangeStarterPack */,
			);
		};
/* End PBXProject section */

/* Begin PBXResourcesBuildPhase section */
		6A4ADE932BF443720029003A /* Resources */ = {
			isa = PBXResourcesBuildPhase;
			buildActionMask = 2147483647;
			files = (
				6A4ADEA02BF443730029003A /* Preview Assets.xcassets in Resources */,
				6A4ADE9D2BF443730029003A /* Assets.xcassets in Resources */,
			);
			runOnlyForDeploymentPostprocessing = 0;
		};
/* End PBXResourcesBuildPhase section */

/* Begin PBXSourcesBuildPhase section */
		6A4ADE912BF443720029003A /* Sources */ = {
			isa = PBXSourcesBuildPhase;
			buildActionMask = 2147483647;
			files = (
				6A4ADEAC2BF443C30029003A /* ProfileView.swift in Sources */,
				6A4ADEAA2BF443BC0029003A /* HomeView.swift in Sources */,
				6A4ADEAE2BF443CD0029003A /* HistoryView.swift in Sources */,
				6A4ADE9B2BF443720029003A /* ContentView.swift in Sources */,
				6A7781932BFCE90000BB1BCB /* NewStatusView.swift in Sources */,
				6A4ADEB02BF444920029003A /* StatusModel.swift in Sources */,
				6A4ADE992BF443720029003A /* ChallangeStarterPackApp.swift in Sources */,
			);
			runOnlyForDeploymentPostprocessing = 0;
		};
/* End PBXSourcesBuildPhase section */

/* Begin XCBuildConfiguration section */
		6A4ADEA12BF443730029003A /* Debug */ = {
			isa = XCBuildConfiguration;
			buildSettings = {
				ALWAYS_SEARCH_USER_PATHS = NO;
				ASSETCATALOG_COMPILER_GENERATE_SWIFT_ASSET_SYMBOL_EXTENSIONS = YES;
				CLANG_ANALYZER_NONNULL = YES;
				CLANG_ANALYZER_NUMBER_OBJECT_CONVERSION = YES_AGGRESSIVE;
				CLANG_CXX_LANGUAGE_STANDARD = "gnu++20";
				CLANG_ENABLE_MODULES = YES;
				CLANG_ENABLE_OBJC_ARC = YES;
				CLANG_ENABLE_OBJC_WEAK = YES;
				CLANG_WARN_BLOCK_CAPTURE_AUTORELEASING = YES;
				CLANG_WARN_BOOL_CONVERSION = YES;
				CLANG_WARN_COMMA = YES;
				CLANG_WARN_CONSTANT_CONVERSION = YES;
				CLANG_WARN_DEPRECATED_OBJC_IMPLEMENTATIONS = YES;
				CLANG_WARN_DIRECT_OBJC_ISA_USAGE = YES_ERROR;
				CLANG_WARN_DOCUMENTATION_COMMENTS = YES;
				CLANG_WARN_EMPTY_BODY = YES;
				CLANG_WARN_ENUM_CONVERSION = YES;
				CLANG_WARN_INFINITE_RECURSION = YES;
				CLANG_WARN_INT_CONVERSION = YES;
				CLANG_WARN_NON_LITERAL_NULL_CONVERSION = YES;
				CLANG_WARN_OBJC_IMPLICIT_RETAIN_SELF = YES;
				CLANG_WARN_OBJC_LITERAL_CONVERSION = YES;
				CLANG_WARN_OBJC_ROOT_CLASS = YES_ERROR;
				CLANG_WARN_QUOTED_INCLUDE_IN_FRAMEWORK_HEADER = YES;
				CLANG_WARN_RANGE_LOOP_ANALYSIS = YES;
				CLANG_WARN_STRICT_PROTOTYPES = YES;
				CLANG_WARN_SUSPICIOUS_MOVE = YES;
				CLANG_WARN_UNGUARDED_AVAILABILITY = YES_AGGRESSIVE;
				CLANG_WARN_UNREACHABLE_CODE = YES;
				CLANG_WARN__DUPLICATE_METHOD_MATCH = YES;
				COPY_PHASE_STRIP = NO;
				DEBUG_INFORMATION_FORMAT = dwarf;
				ENABLE_STRICT_OBJC_MSGSEND = YES;
				ENABLE_TESTABILITY = YES;
				ENABLE_USER_SCRIPT_SANDBOXING = YES;
				GCC_C_LANGUAGE_STANDARD = gnu17;
				GCC_DYNAMIC_NO_PIC = NO;
				GCC_NO_COMMON_BLOCKS = YES;
				GCC_OPTIMIZATION_LEVEL = 0;
				GCC_PREPROCESSOR_DEFINITIONS = (
					"DEBUG=1",
					"$(inherited)",
				);
				GCC_WARN_64_TO_32_BIT_CONVERSION = YES;
				GCC_WARN_ABOUT_RETURN_TYPE = YES_ERROR;
				GCC_WARN_UNDECLARED_SELECTOR = YES;
				GCC_WARN_UNINITIALIZED_AUTOS = YES_AGGRESSIVE;
				GCC_WARN_UNUSED_FUNCTION = YES;
				GCC_WARN_UNUSED_VARIABLE = YES;
				IPHONEOS_DEPLOYMENT_TARGET = 17.2;
				LOCALIZATION_PREFERS_STRING_CATALOGS = YES;
				MTL_ENABLE_DEBUG_INFO = INCLUDE_SOURCE;
				MTL_FAST_MATH = YES;
				ONLY_ACTIVE_ARCH = YES;
				SDKROOT = iphoneos;
				SWIFT_ACTIVE_COMPILATION_CONDITIONS = "DEBUG $(inherited)";
				SWIFT_OPTIMIZATION_LEVEL = "-Onone";
			};
			name = Debug;
		};
		6A4ADEA22BF443730029003A /* Release */ = {
			isa = XCBuildConfiguration;
			buildSettings = {
				ALWAYS_SEARCH_USER_PATHS = NO;
				ASSETCATALOG_COMPILER_GENERATE_SWIFT_ASSET_SYMBOL_EXTENSIONS = YES;
				CLANG_ANALYZER_NONNULL = YES;
				CLANG_ANALYZER_NUMBER_OBJECT_CONVERSION = YES_AGGRESSIVE;
				CLANG_CXX_LANGUAGE_STANDARD = "gnu++20";
				CLANG_ENABLE_MODULES = YES;
				CLANG_ENABLE_OBJC_ARC = YES;
				CLANG_ENABLE_OBJC_WEAK = YES;
				CLANG_WARN_BLOCK_CAPTURE_AUTORELEASING = YES;
				CLANG_WARN_BOOL_CONVERSION = YES;
				CLANG_WARN_COMMA = YES;
				CLANG_WARN_CONSTANT_CONVERSION = YES;
				CLANG_WARN_DEPRECATED_OBJC_IMPLEMENTATIONS = YES;
				CLANG_WARN_DIRECT_OBJC_ISA_USAGE = YES_ERROR;
				CLANG_WARN_DOCUMENTATION_COMMENTS = YES;
				CLANG_WARN_EMPTY_BODY = YES;
				CLANG_WARN_ENUM_CONVERSION = YES;
				CLANG_WARN_INFINITE_RECURSION = YES;
				CLANG_WARN_INT_CONVERSION = YES;
				CLANG_WARN_NON_LITERAL_NULL_CONVERSION = YES;
				CLANG_WARN_OBJC_IMPLICIT_RETAIN_SELF = YES;
				CLANG_WARN_OBJC_LITERAL_CONVERSION = YES;
				CLANG_WARN_OBJC_ROOT_CLASS = YES_ERROR;
				CLANG_WARN_QUOTED_INCLUDE_IN_FRAMEWORK_HEADER = YES;
				CLANG_WARN_RANGE_LOOP_ANALYSIS = YES;
				CLANG_WARN_STRICT_PROTOTYPES = YES;
				CLANG_WARN_SUSPICIOUS_MOVE = YES;
				CLANG_WARN_UNGUARDED_AVAILABILITY = YES_AGGRESSIVE;
				CLANG_WARN_UNREACHABLE_CODE = YES;
				CLANG_WARN__DUPLICATE_METHOD_MATCH = YES;
				COPY_PHASE_STRIP = NO;
				DEBUG_INFORMATION_FORMAT = "dwarf-with-dsym";
				ENABLE_NS_ASSERTIONS = NO;
				ENABLE_STRICT_OBJC_MSGSEND = YES;
				ENABLE_USER_SCRIPT_SANDBOXING = YES;
				GCC_C_LANGUAGE_STANDARD = gnu17;
				GCC_NO_COMMON_BLOCKS = YES;
				GCC_WARN_64_TO_32_BIT_CONVERSION = YES;
				GCC_WARN_ABOUT_RETURN_TYPE = YES_ERROR;
				GCC_WARN_UNDECLARED_SELECTOR = YES;
				GCC_WARN_UNINITIALIZED_AUTOS = YES_AGGRESSIVE;
				GCC_WARN_UNUSED_FUNCTION = YES;
				GCC_WARN_UNUSED_VARIABLE = YES;
				IPHONEOS_DEPLOYMENT_TARGET = 17.2;
				LOCALIZATION_PREFERS_STRING_CATALOGS = YES;
				MTL_ENABLE_DEBUG_INFO = NO;
				MTL_FAST_MATH = YES;
				SDKROOT = iphoneos;
				SWIFT_COMPILATION_MODE = wholemodule;
				VALIDATE_PRODUCT = YES;
			};
			name = Release;
		};
		6A4ADEA42BF443730029003A /* Debug */ = {
			isa = XCBuildConfiguration;
			buildSettings = {
				ASSETCATALOG_COMPILER_APPICON_NAME = AppIcon;
				ASSETCATALOG_COMPILER_GLOBAL_ACCENT_COLOR_NAME = AccentColor;
				CODE_SIGN_STYLE = Automatic;
				CURRENT_PROJECT_VERSION = 1;
				DEVELOPMENT_ASSET_PATHS = "\"ChallangeStarterPack/Preview Content\"";
				ENABLE_PREVIEWS = YES;
				GENERATE_INFOPLIST_FILE = YES;
				INFOPLIST_KEY_UIApplicationSceneManifest_Generation = YES;
				INFOPLIST_KEY_UIApplicationSupportsIndirectInputEvents = YES;
				INFOPLIST_KEY_UILaunchScreen_Generation = YES;
				INFOPLIST_KEY_UISupportedInterfaceOrientations_iPad = "UIInterfaceOrientationPortrait UIInterfaceOrientationPortraitUpsideDown UIInterfaceOrientationLandscapeLeft UIInterfaceOrientationLandscapeRight";
				INFOPLIST_KEY_UISupportedInterfaceOrientations_iPhone = "UIInterfaceOrientationPortrait UIInterfaceOrientationLandscapeLeft UIInterfaceOrientationLandscapeRight";
				LD_RUNPATH_SEARCH_PATHS = (
					"$(inherited)",
					"@executable_path/Frameworks",
				);
				MARKETING_VERSION = 1.0;
				PRODUCT_BUNDLE_IDENTIFIER = id.wheza.ChallangeStarterPack;
				PRODUCT_NAME = "$(TARGET_NAME)";
				SWIFT_EMIT_LOC_STRINGS = YES;
				SWIFT_VERSION = 5.0;
				TARGETED_DEVICE_FAMILY = "1,2";
			};
			name = Debug;
		};
		6A4ADEA52BF443730029003A /* Release */ = {
			isa = XCBuildConfiguration;
			buildSettings = {
				ASSETCATALOG_COMPILER_APPICON_NAME = AppIcon;
				ASSETCATALOG_COMPILER_GLOBAL_ACCENT_COLOR_NAME = AccentColor;
				CODE_SIGN_STYLE = Automatic;
				CURRENT_PROJECT_VERSION = 1;
				DEVELOPMENT_ASSET_PATHS = "\"ChallangeStarterPack/Preview Content\"";
				ENABLE_PREVIEWS = YES;
				GENERATE_INFOPLIST_FILE = YES;
				INFOPLIST_KEY_UIApplicationSceneManifest_Generation = YES;
				INFOPLIST_KEY_UIApplicationSupportsIndirectInputEvents = YES;
				INFOPLIST_KEY_UILaunchScreen_Generation = YES;
				INFOPLIST_KEY_UISupportedInterfaceOrientations_iPad = "UIInterfaceOrientationPortrait UIInterfaceOrientationPortraitUpsideDown UIInterfaceOrientationLandscapeLeft UIInterfaceOrientationLandscapeRight";
				INFOPLIST_KEY_UISupportedInterfaceOrientations_iPhone = "UIInterfaceOrientationPortrait UIInterfaceOrientationLandscapeLeft UIInterfaceOrientationLandscapeRight";
				LD_RUNPATH_SEARCH_PATHS = (
					"$(inherited)",
					"@executable_path/Frameworks",
				);
				MARKETING_VERSION = 1.0;
				PRODUCT_BUNDLE_IDENTIFIER = id.wheza.ChallangeStarterPack;
				PRODUCT_NAME = "$(TARGET_NAME)";
				SWIFT_EMIT_LOC_STRINGS = YES;
				SWIFT_VERSION = 5.0;
				TARGETED_DEVICE_FAMILY = "1,2";
			};
			name = Release;
		};
/* End XCBuildConfiguration section */

/* Begin XCConfigurationList section */
		6A4ADE902BF443720029003A /* Build configuration list for PBXProject "ChallangeStarterPack" */ = {
			isa = XCConfigurationList;
			buildConfigurations = (
				6A4ADEA12BF443730029003A /* Debug */,
				6A4ADEA22BF443730029003A /* Release */,
			);
			defaultConfigurationIsVisible = 0;
			defaultConfigurationName = Release;
		};
		6A4ADEA32BF443730029003A /* Build configuration list for PBXNativeTarget "ChallangeStarterPack" */ = {
			isa = XCConfigurationList;
			buildConfigurations = (
				6A4ADEA42BF443730029003A /* Debug */,
				6A4ADEA52BF443730029003A /* Release */,
			);
			defaultConfigurationIsVisible = 0;
			defaultConfigurationName = Release;
		};
/* End XCConfigurationList section */
	};
	rootObject = 6A4ADE8D2BF443720029003A /* Project object */;
}
